
Microsoft Visual Studio Solution File, Format Version 12.00
# Visual Studio Version 16
VisualStudioVersion = 16.0.29609.76
MinimumVisualStudioVersion = 10.0.40219.1
Project("{9A19103F-16F7-4668-BE54-9A1E7A4F7556}") = "StreamSubtitles", "StreamSubtitles\StreamSubtitles.csproj", "{03D75769-833D-4E96-827A-31367ABD8387}"
EndProject
Project("{9A19103F-16F7-4668-BE54-9A1E7A4F7556}") = "StreamSubtitles.Tests", "StreamSubtitles.Tests\StreamSubtitles.Tests.csproj", "{CE2FC0BF-BDE3-47E7-AE67-6DEB5E4BF2E4}"
EndProject
Global
	GlobalSection(SolutionConfigurationPlatforms) = preSolution
		Debug|x64 = Debug|x64
		Release|x64 = Release|x64
	EndGlobalSection
	GlobalSection(ProjectConfigurationPlatforms) = postSolution
		{03D75769-833D-4E96-827A-31367ABD8387}.Debug|x64.ActiveCfg = Debug|x64
		{03D75769-833D-4E96-827A-31367ABD8387}.Debug|x64.Build.0 = Debug|x64
		{03D75769-833D-4E96-827A-31367ABD8387}.Release|x64.ActiveCfg = Release|x64
		{03D75769-833D-4E96-827A-31367ABD8387}.Release|x64.Build.0 = Release|x64
		{CE2FC0BF-BDE3-47E7-AE67-6DEB5E4BF2E4}.Debug|x64.ActiveCfg = Debug|x64
		{CE2FC0BF-BDE3-47E7-AE67-6DEB5E4BF2E4}.Debug|x64.Build.0 = Debug|x64
		{CE2FC0BF-BDE3-47E7-AE67-6DEB5E4BF2E4}.Release|x64.ActiveCfg = Release|x64
		{CE2FC0BF-BDE3-47E7-AE67-6DEB5E4BF2E4}.Release|x64.Build.0 = Release|x64
	EndGlobalSection
	GlobalSection(SolutionProperties) = preSolution
		HideSolutionNode = FALSE
	EndGlobalSection
	GlobalSection(ExtensibilityGlobals) = postSolution
		SolutionGuid = {DFB2314A-E331-4A85-AD97-F673DDADCDA3}
	EndGlobalSection
EndGlobal
